{
  "name": "example",
  "version": "1.0.0",
  "lockfileVersion": 1,
  "requires": true,
  "dependencies": {
    "@dropb/diskinfo": {
      "version": "2.0.0",
      "resolved": "https://registry.npm.taobao.org/@dropb/diskinfo/download/@dropb/diskinfo-2.0.0.tgz",
      "integrity": "sha1-uV3vxwQptbkH5ErAl8eeBhFTkGs="
    },
    "os-utils": {
      "version": "0.0.14",
      "resolved": "https://registry.npm.taobao.org/os-utils/download/os-utils-0.0.14.tgz",
      "integrity": "sha1-KeURaXsZgrjGJ3Ihdf45eX72QVY="
    }
  }
}
